
Microsoft Visual Studio Solution File, Format Version 12.00
# Visual Studio Version 17
VisualStudioVersion = 17.0.32014.148
MinimumVisualStudioVersion = 10.0.40219.1
Project("{9A19103F-16F7-4668-BE54-9A1E7A4F7556}") = "Reviews", "Reviews\Reviews.csproj", "{F1D390C7-35D7-425C-85E8-9B127502100C}"
EndProject
Project("{9A19103F-16F7-4668-BE54-9A1E7A4F7556}") = "TestProject1", "..\ReviewsBeta\TestProject1\TestProject1.csproj", "{4524F977-F080-4278-AA1E-8D1A51E89D98}"
EndProject
Project("{FAE04EC0-301F-11D3-BF4B-00C04F79EFBC}") = "LoyaltyClassLibrary", "LoyaltyClassLibrary\LoyaltyClassLibrary.csproj", "{82F8C04C-F42B-4CCD-B29B-333C01E50509}"
EndProject
Global
	GlobalSection(SolutionConfigurationPlatforms) = preSolution
		Debug|Any CPU = Debug|Any CPU
		Release|Any CPU = Release|Any CPU
	EndGlobalSection
	GlobalSection(ProjectConfigurationPlatforms) = postSolution
		{F1D390C7-35D7-425C-85E8-9B127502100C}.Debug|Any CPU.ActiveCfg = Debug|Any CPU
		{F1D390C7-35D7-425C-85E8-9B127502100C}.Debug|Any CPU.Build.0 = Debug|Any CPU
		{F1D390C7-35D7-425C-85E8-9B127502100C}.Release|Any CPU.ActiveCfg = Release|Any CPU
		{F1D390C7-35D7-425C-85E8-9B127502100C}.Release|Any CPU.Build.0 = Release|Any CPU
		{4524F977-F080-4278-AA1E-8D1A51E89D98}.Debug|Any CPU.ActiveCfg = Debug|Any CPU
		{4524F977-F080-4278-AA1E-8D1A51E89D98}.Debug|Any CPU.Build.0 = Debug|Any CPU
		{4524F977-F080-4278-AA1E-8D1A51E89D98}.Release|Any CPU.ActiveCfg = Release|Any CPU
		{4524F977-F080-4278-AA1E-8D1A51E89D98}.Release|Any CPU.Build.0 = Release|Any CPU
		{82F8C04C-F42B-4CCD-B29B-333C01E50509}.Debug|Any CPU.ActiveCfg = Debug|Any CPU
		{82F8C04C-F42B-4CCD-B29B-333C01E50509}.Debug|Any CPU.Build.0 = Debug|Any CPU
		{82F8C04C-F42B-4CCD-B29B-333C01E50509}.Release|Any CPU.ActiveCfg = Release|Any CPU
		{82F8C04C-F42B-4CCD-B29B-333C01E50509}.Release|Any CPU.Build.0 = Release|Any CPU
	EndGlobalSection
	GlobalSection(SolutionProperties) = preSolution
		HideSolutionNode = FALSE
	EndGlobalSection
	GlobalSection(ExtensibilityGlobals) = postSolution
		SolutionGuid = {19CA28E4-C6BA-4E01-8F70-FA7408190322}
	EndGlobalSection
EndGlobal
